
Microsoft Visual Studio Solution File, Format Version 12.00
# Visual Studio Version 17
VisualStudioVersion = 17.0.32126.317
MinimumVisualStudioVersion = 10.0.40219.1
Project("{FAE04EC0-301F-11D3-BF4B-00C04F79EFBC}") = "SchoolBus", "SchoolBus\SchoolBus.csproj", "{51BE5DC0-23BC-431E-AD1C-C8A1CCBBD585}"
EndProject
Global
	GlobalSection(SolutionConfigurationPlatforms) = preSolution
		Debug|Any CPU = Debug|Any CPU
		Release|Any CPU = Release|Any CPU
	EndGlobalSection
	GlobalSection(ProjectConfigurationPlatforms) = postSolution
		{51BE5DC0-23BC-431E-AD1C-C8A1CCBBD585}.Debug|Any CPU.ActiveCfg = Debug|Any CPU
		{51BE5DC0-23BC-431E-AD1C-C8A1CCBBD585}.Debug|Any CPU.Build.0 = Debug|Any CPU
		{51BE5DC0-23BC-431E-AD1C-C8A1CCBBD585}.Release|Any CPU.ActiveCfg = Release|Any CPU
		{51BE5DC0-23BC-431E-AD1C-C8A1CCBBD585}.Release|Any CPU.Build.0 = Release|Any CPU
	EndGlobalSection
	GlobalSection(SolutionProperties) = preSolution
		HideSolutionNode = FALSE
	EndGlobalSection
	GlobalSection(ExtensibilityGlobals) = postSolution
		SolutionGuid = {B4281C9E-305B-4B19-A7C8-82021952CB8B}
	EndGlobalSection
EndGlobal
